
Microsoft Visual Studio Solution File, Format Version 12.00
# Visual Studio Version 17
VisualStudioVersion = 17.6.33815.320
MinimumVisualStudioVersion = 10.0.40219.1
Project("{FAE04EC0-301F-11D3-BF4B-00C04F79EFBC}") = "Monogame 4 - Time and Sound", "Monogame 4 - Time and Sound.csproj", "{ADCFFED0-1D34-4DE5-92BB-416E4E91B960}"
EndProject
Global
	GlobalSection(SolutionConfigurationPlatforms) = preSolution
		Debug|Any CPU = Debug|Any CPU
		Release|Any CPU = Release|Any CPU
	EndGlobalSection
	GlobalSection(ProjectConfigurationPlatforms) = postSolution
		{ADCFFED0-1D34-4DE5-92BB-416E4E91B960}.Debug|Any CPU.ActiveCfg = Debug|Any CPU
		{ADCFFED0-1D34-4DE5-92BB-416E4E91B960}.Debug|Any CPU.Build.0 = Debug|Any CPU
		{ADCFFED0-1D34-4DE5-92BB-416E4E91B960}.Release|Any CPU.ActiveCfg = Release|Any CPU
		{ADCFFED0-1D34-4DE5-92BB-416E4E91B960}.Release|Any CPU.Build.0 = Release|Any CPU
	EndGlobalSection
	GlobalSection(SolutionProperties) = preSolution
		HideSolutionNode = FALSE
	EndGlobalSection
	GlobalSection(ExtensibilityGlobals) = postSolution
		SolutionGuid = {94D93A0F-51EE-4186-8055-5902BC4E95C2}
	EndGlobalSection
EndGlobal
